<?xml version="1.0" encoding="utf-8"?>
<Project ToolsVersion="4.0" xmlns="http://schemas.microsoft.com/developer/msbuild/2003">
  <ItemGroup>
    <Filter Include="Source">
      <UniqueIdentifier>{659ab4d6-e2f1-47ea-b82b-cf3516fd28ce}</UniqueIdentifier>
    </Filter>
    <Filter Include="Headers">
      <UniqueIdentifier>{02ab0696-0ad4-411a-b533-273de1b25ade}</UniqueIdentifier>
    </Filter>
    <Filter Include="Headers\Utils">
      <UniqueIdentifier>{390f2794-e5b8-41f3-8308-ea9a0b8aa41e}</UniqueIdentifier>
    </Filter>
    <Filter Include="Source\Utils">
      <UniqueIdentifier>{462ad0af-adb7-42f8-b0b6-22688729548e}</UniqueIdentifier>
    </Filter>
    <Filter Include="Headers\GameObjects">
      <UniqueIdentifier>{93bb69cb-4f41-4ad6-a2da-d3440b3c719f}</UniqueIdentifier>
    </Filter>
    <Filter Include="Source\GameObjects">
      <UniqueIdentifier>{1a6a98d0-a115-439c-8400-f0a2f4a56e93}</UniqueIdentifier>
    </Filter>
    <Filter Include="Headers\JSONLoader">
      <UniqueIdentifier>{c37ff298-5fa3-4a5a-bb37-70075f94a13a}</UniqueIdentifier>
    </Filter>
    <Filter Include="Source\JSONLoader">
      <UniqueIdentifier>{91395fda-1300-4cd8-abd5-5bac52d6d393}</UniqueIdentifier>
    </Filter>
    <Filter Include="Headers\Resources">
      <UniqueIdentifier>3bf364fc-9537-4c79-a545-8b14fdcb0331</UniqueIdentifier>
      <Extensions>ico;cur;bmp;dds;dlg;fbx;rct;bin;rgs;gif;jpg;jpeg;jpe;resx;tga;tiff;tif;png;wav;mfcribbon-ms</Extensions>
    </Filter>
    <Filter Include="Headers\Resources\Shaders">
      <UniqueIdentifier>{f7f06c61-7f30-4328-919d-8dfaec6b482e}</UniqueIdentifier>
    </Filter>
    <Filter Include="Headers\Voxel Terrain">
      <UniqueIdentifier>{3ff922b0-c232-4e60-b5e7-51b99b3edcda}</UniqueIdentifier>
    </Filter>
    <Filter Include="Source\Voxel Terrain">
      <UniqueIdentifier>{ca92a1e2-6cc7-44b7-b17e-7e4f00bdb6ba}</UniqueIdentifier>
    </Filter>
    <Filter Include="Headers\Camera">
      <UniqueIdentifier>{f20cf6fc-d128-49fc-8623-cc6ac36d11c4}</UniqueIdentifier>
    </Filter>
    <Filter Include="Source\Camera">
      <UniqueIdentifier>{d28cdef6-e4e0-46df-a678-9bf5b6a56db0}</UniqueIdentifier>
    </Filter>
    <Filter Include="Headers\Ai">
      <UniqueIdentifier>{4d2141c1-1c85-4d0a-b1da-5c2e3e1d1dde}</UniqueIdentifier>
    </Filter>
    <Filter Include="Source\Ai">
      <UniqueIdentifier>{1fdd4076-fba0-4ab3-957b-b8d4618f2d2c}</UniqueIdentifier>
    </Filter>
  </ItemGroup>
  <ItemGroup>
    <ClInclude Include="Source\Game.h">
      <Filter>Headers</Filter>
    </ClInclude>
    <ClInclude Include="Source\pch.h">
      <Filter>Headers\Utils</Filter>
    </ClInclude>
    <ClInclude Include="Source\StepTimer.h">
      <Filter>Headers\Utils</Filter>
    </ClInclude>
    <ClInclude Include="Source\IGameObject.h">
      <Filter>Headers\GameObjects</Filter>
    </ClInclude>
    <ClInclude Include="Source\DebugSimpleCube.h">
      <Filter>Headers\GameObjects</Filter>
    </ClInclude>
    <ClInclude Include="Source\Commons.h">
      <Filter>Headers\Utils</Filter>
    </ClInclude>
    <ClInclude Include="Source\InputState.h">
      <Filter>Headers\Utils</Filter>
    </ClInclude>
    <ClInclude Include="Source\JSONLoader.h">
      <Filter>Headers\JSONLoader</Filter>
    </ClInclude>
    <ClInclude Include="Source\Chunk.h">
      <Filter>Headers\Voxel Terrain</Filter>
    </ClInclude>
    <ClInclude Include="Source\ChunkHandler.h">
      <Filter>Headers\Voxel Terrain</Filter>
    </ClInclude>
    <ClInclude Include="Source\GreedyVoxelMeshGeneration.h">
      <Filter>Headers\Voxel Terrain</Filter>
    </ClInclude>
    <ClInclude Include="Source\PerlinNoise.h">
      <Filter>Headers\Voxel Terrain</Filter>
    </ClInclude>
    <ClInclude Include="Source\WorldManipulation.h">
      <Filter>Headers\Voxel Terrain</Filter>
    </ClInclude>
    <ClInclude Include="Source\ChunkObject.h">
      <Filter>Headers\Voxel Terrain</Filter>
    </ClInclude>
    <ClInclude Include="Source\Camera.h">
      <Filter>Headers\Camera</Filter>
    </ClInclude>
    <ClInclude Include="Source\FPSCamera.h">
      <Filter>Headers\Camera</Filter>
    </ClInclude>
    <ClInclude Include="Source\ISOCamera.h">
      <Filter>Headers\Camera</Filter>
    </ClInclude>
    <ClInclude Include="Source\Shader.h">
      <Filter>Headers\Utils</Filter>
    </ClInclude>
    <ClInclude Include="Source\ShaderManager.h">
      <Filter>Headers\Utils</Filter>
    </ClInclude>
    <ClInclude Include="Source\AiAgent.h">
      <Filter>Headers\Ai</Filter>
    </ClInclude>
    <ClInclude Include="Source\AiManager.h">
      <Filter>Headers\Ai</Filter>
    </ClInclude>
    <ClInclude Include="Source\Node.h">
      <Filter>Headers\Ai</Filter>
    </ClInclude>
    <ClInclude Include="Source\RouteConstructor.h">
      <Filter>Headers\Ai</Filter>
    </ClInclude>
  </ItemGroup>
  <ItemGroup>
    <ClCompile Include="Source\Game.cpp">
      <Filter>Source</Filter>
    </ClCompile>
    <ClCompile Include="Source\Main.cpp">
      <Filter>Source</Filter>
    </ClCompile>
    <ClCompile Include="Source\pch.cpp">
      <Filter>Source\Utils</Filter>
    </ClCompile>
    <ClCompile Include="Source\IGameObject.cpp">
      <Filter>Source\GameObjects</Filter>
    </ClCompile>
    <ClCompile Include="Source\DebugSimpleCube.cpp">
      <Filter>Source\GameObjects</Filter>
    </ClCompile>
    <ClCompile Include="Source\InputState.cpp">
      <Filter>Source\Utils</Filter>
    </ClCompile>
    <ClCompile Include="Source\JSONLoader.cpp">
      <Filter>Source\JSONLoader</Filter>
    </ClCompile>
    <ClCompile Include="Source\Chunk.cpp">
      <Filter>Source\Voxel Terrain</Filter>
    </ClCompile>
    <ClCompile Include="Source\ChunkHandler.cpp">
      <Filter>Source\Voxel Terrain</Filter>
    </ClCompile>
    <ClCompile Include="Source\GreedyVoxelMeshGeneration.cpp">
      <Filter>Source\Voxel Terrain</Filter>
    </ClCompile>
    <ClCompile Include="Source\PerlinNoise.cpp">
      <Filter>Source\Voxel Terrain</Filter>
    </ClCompile>
    <ClCompile Include="Source\WorldManipulation.cpp">
      <Filter>Source\Voxel Terrain</Filter>
    </ClCompile>
    <ClCompile Include="Source\ChunkObject.cpp">
      <Filter>Source\Voxel Terrain</Filter>
    </ClCompile>
    <ClCompile Include="Source\Camera.cpp">
      <Filter>Source\Camera</Filter>
    </ClCompile>
    <ClCompile Include="Source\FPSCamera.cpp">
      <Filter>Source\Camera</Filter>
    </ClCompile>
    <ClCompile Include="Source\ISOCamera.cpp">
      <Filter>Source\Camera</Filter>
    </ClCompile>
    <ClCompile Include="Source\Shader.cpp">
      <Filter>Source\Utils</Filter>
    </ClCompile>
    <ClCompile Include="Source\ShaderManager.cpp">
      <Filter>Source\Utils</Filter>
    </ClCompile>
    <ClCompile Include="Source\AiAgent.cpp">
      <Filter>Source\Ai</Filter>
    </ClCompile>
    <ClCompile Include="Source\AiManager.cpp">
      <Filter>Source\Ai</Filter>
    </ClCompile>
    <ClCompile Include="Source\Node.cpp">
      <Filter>Source\Ai</Filter>
    </ClCompile>
    <ClCompile Include="Source\RouteConstructor.cpp">
      <Filter>Source\Ai</Filter>
    </ClCompile>
  </ItemGroup>
  <ItemGroup>
    <Manifest Include="settings.manifest">
      <Filter>Headers\Resources</Filter>
    </Manifest>
  </ItemGroup>
  <ItemGroup>
    <Image Include="Resources\directx.ico">
      <Filter>Headers\Resources</Filter>
    </Image>
  </ItemGroup>
  <ItemGroup>
    <ResourceCompile Include="Source\resource.rc">
      <Filter>Source\Utils</Filter>
    </ResourceCompile>
  </ItemGroup>
  <ItemGroup>
    <FxCompile Include="Resources\Shaders\BasicVertexShader.hlsl">
      <Filter>Headers\Resources\Shaders</Filter>
    </FxCompile>
    <FxCompile Include="Resources\Shaders\BasicPixelShader.hlsl">
      <Filter>Headers\Resources\Shaders</Filter>
    </FxCompile>
    <FxCompile Include="Resources\Shaders\BasicVoxelVertexShader.hlsl">
      <Filter>Headers\Resources\Shaders</Filter>
    </FxCompile>
    <FxCompile Include="Resources\Shaders\BasicVoxelPixelShader.hlsl">
      <Filter>Headers\Resources\Shaders</Filter>
    </FxCompile>
  </ItemGroup>
</Project>